
Microsoft Visual Studio Solution File, Format Version 12.00
# Visual Studio 2013
VisualStudioVersion = 12.0.40629.0
MinimumVisualStudioVersion = 10.0.40219.1
Project("{F2A71F9B-5D33-465A-A702-920D77279786}") = "ThousandCranes", "src\ThousandCranes\ThousandCranes.fsproj", "{25B5D78F-BC90-4CD2-99E2-14134581D163}"
EndProject
Project("{2150E333-8FDC-42A3-9474-1A3956D46DE8}") = "tests", "tests", "{D2E8BE92-CF4A-44AC-8DCA-FC2E57CD1DA9}"
EndProject
Project("{2150E333-8FDC-42A3-9474-1A3956D46DE8}") = "src", "src", "{599D9795-2FA7-4375-8C9D-F45A1ED2305A}"
EndProject
Project("{F2A71F9B-5D33-465A-A702-920D77279786}") = "ThousandCranes.Tests", "tests\ThousandCranes.Tests\ThousandCranes.Tests.fsproj", "{2DA4A694-23D4-4EFD-BDCB-D2AC8553C909}"
EndProject
Project("{2150E333-8FDC-42A3-9474-1A3956D46DE8}") = "Solution Items", "Solution Items", "{176273E0-9C2F-4C9C-9271-2065567A76D2}"
	ProjectSection(SolutionItems) = preProject
		paket.dependencies = paket.dependencies
	EndProjectSection
EndProject
Global
	GlobalSection(SolutionConfigurationPlatforms) = preSolution
		Debug|Any CPU = Debug|Any CPU
		Release|Any CPU = Release|Any CPU
	EndGlobalSection
	GlobalSection(ProjectConfigurationPlatforms) = postSolution
		{25B5D78F-BC90-4CD2-99E2-14134581D163}.Debug|Any CPU.ActiveCfg = Debug|Any CPU
		{25B5D78F-BC90-4CD2-99E2-14134581D163}.Debug|Any CPU.Build.0 = Debug|Any CPU
		{25B5D78F-BC90-4CD2-99E2-14134581D163}.Release|Any CPU.ActiveCfg = Release|Any CPU
		{25B5D78F-BC90-4CD2-99E2-14134581D163}.Release|Any CPU.Build.0 = Release|Any CPU
		{2DA4A694-23D4-4EFD-BDCB-D2AC8553C909}.Debug|Any CPU.ActiveCfg = Debug|Any CPU
		{2DA4A694-23D4-4EFD-BDCB-D2AC8553C909}.Debug|Any CPU.Build.0 = Debug|Any CPU
		{2DA4A694-23D4-4EFD-BDCB-D2AC8553C909}.Release|Any CPU.ActiveCfg = Release|Any CPU
		{2DA4A694-23D4-4EFD-BDCB-D2AC8553C909}.Release|Any CPU.Build.0 = Release|Any CPU
	EndGlobalSection
	GlobalSection(SolutionProperties) = preSolution
		HideSolutionNode = FALSE
	EndGlobalSection
	GlobalSection(NestedProjects) = preSolution
		{25B5D78F-BC90-4CD2-99E2-14134581D163} = {599D9795-2FA7-4375-8C9D-F45A1ED2305A}
		{2DA4A694-23D4-4EFD-BDCB-D2AC8553C909} = {D2E8BE92-CF4A-44AC-8DCA-FC2E57CD1DA9}
	EndGlobalSection
EndGlobal
